
Microsoft Visual Studio Solution File, Format Version 12.00
# Visual Studio 15
VisualStudioVersion = 15.0.28307.1800
MinimumVisualStudioVersion = 10.0.40219.1
Project("{FAE04EC0-301F-11D3-BF4B-00C04F79EFBC}") = "WebDriverDemo", "WebDriverDemo\WebDriverDemo.csproj", "{9552BF12-E4AB-405A-9663-B19CD9A9DDCD}"
EndProject
Project("{9A19103F-16F7-4668-BE54-9A1E7A4F7556}") = "NUnitTestSel", "NUnitTestSel\NUnitTestSel.csproj", "{97CAA9D7-8272-47F1-90F6-593ED9B28AFC}"
EndProject
Project("{9A19103F-16F7-4668-BE54-9A1E7A4F7556}") = "DemoDataDrivenSeleniumTest", "DemoDataDrivenSeleniumTest\DemoDataDrivenSeleniumTest.csproj", "{D5162602-EF9A-4DC9-A180-BF1099F1A831}"
EndProject
Project("{FAE04EC0-301F-11D3-BF4B-00C04F79EFBC}") = "WikipediaTestDemo", "WikipediaTestDemo\WikipediaTestDemo.csproj", "{73203FB3-0FD7-49A4-90AC-DA17528842C3}"
EndProject
Global
	GlobalSection(SolutionConfigurationPlatforms) = preSolution
		Debug|Any CPU = Debug|Any CPU
		Release|Any CPU = Release|Any CPU
	EndGlobalSection
	GlobalSection(ProjectConfigurationPlatforms) = postSolution
		{9552BF12-E4AB-405A-9663-B19CD9A9DDCD}.Debug|Any CPU.ActiveCfg = Debug|Any CPU
		{9552BF12-E4AB-405A-9663-B19CD9A9DDCD}.Debug|Any CPU.Build.0 = Debug|Any CPU
		{9552BF12-E4AB-405A-9663-B19CD9A9DDCD}.Release|Any CPU.ActiveCfg = Release|Any CPU
		{9552BF12-E4AB-405A-9663-B19CD9A9DDCD}.Release|Any CPU.Build.0 = Release|Any CPU
		{97CAA9D7-8272-47F1-90F6-593ED9B28AFC}.Debug|Any CPU.ActiveCfg = Debug|Any CPU
		{97CAA9D7-8272-47F1-90F6-593ED9B28AFC}.Debug|Any CPU.Build.0 = Debug|Any CPU
		{97CAA9D7-8272-47F1-90F6-593ED9B28AFC}.Release|Any CPU.ActiveCfg = Release|Any CPU
		{97CAA9D7-8272-47F1-90F6-593ED9B28AFC}.Release|Any CPU.Build.0 = Release|Any CPU
		{D5162602-EF9A-4DC9-A180-BF1099F1A831}.Debug|Any CPU.ActiveCfg = Debug|Any CPU
		{D5162602-EF9A-4DC9-A180-BF1099F1A831}.Debug|Any CPU.Build.0 = Debug|Any CPU
		{D5162602-EF9A-4DC9-A180-BF1099F1A831}.Release|Any CPU.ActiveCfg = Release|Any CPU
		{D5162602-EF9A-4DC9-A180-BF1099F1A831}.Release|Any CPU.Build.0 = Release|Any CPU
		{73203FB3-0FD7-49A4-90AC-DA17528842C3}.Debug|Any CPU.ActiveCfg = Debug|Any CPU
		{73203FB3-0FD7-49A4-90AC-DA17528842C3}.Debug|Any CPU.Build.0 = Debug|Any CPU
		{73203FB3-0FD7-49A4-90AC-DA17528842C3}.Release|Any CPU.ActiveCfg = Release|Any CPU
		{73203FB3-0FD7-49A4-90AC-DA17528842C3}.Release|Any CPU.Build.0 = Release|Any CPU
	EndGlobalSection
	GlobalSection(SolutionProperties) = preSolution
		HideSolutionNode = FALSE
	EndGlobalSection
	GlobalSection(ExtensibilityGlobals) = postSolution
		SolutionGuid = {48728925-45B8-46EA-BC11-2D3899E2103C}
	EndGlobalSection
EndGlobal
